
Microsoft Visual Studio Solution File, Format Version 12.00
# Visual Studio Version 17
VisualStudioVersion = 17.2.32526.322
MinimumVisualStudioVersion = 10.0.40219.1
Project("{FAE04EC0-301F-11D3-BF4B-00C04F79EFBC}") = "Listas", "Listas.csproj", "{17C45A27-34CE-45A0-B913-E370F69C7905}"
EndProject
Global
	GlobalSection(SolutionConfigurationPlatforms) = preSolution
		Debug|Any CPU = Debug|Any CPU
		Release|Any CPU = Release|Any CPU
	EndGlobalSection
	GlobalSection(ProjectConfigurationPlatforms) = postSolution
		{17C45A27-34CE-45A0-B913-E370F69C7905}.Debug|Any CPU.ActiveCfg = Debug|Any CPU
		{17C45A27-34CE-45A0-B913-E370F69C7905}.Debug|Any CPU.Build.0 = Debug|Any CPU
		{17C45A27-34CE-45A0-B913-E370F69C7905}.Release|Any CPU.ActiveCfg = Release|Any CPU
		{17C45A27-34CE-45A0-B913-E370F69C7905}.Release|Any CPU.Build.0 = Release|Any CPU
	EndGlobalSection
	GlobalSection(SolutionProperties) = preSolution
		HideSolutionNode = FALSE
	EndGlobalSection
	GlobalSection(ExtensibilityGlobals) = postSolution
		SolutionGuid = {7EC1899C-019F-4998-875D-C80799AE5559}
	EndGlobalSection
EndGlobal
